
Microsoft Visual Studio Solution File, Format Version 12.00
# Visual Studio Version 16
VisualStudioVersion = 16.0.30114.105
MinimumVisualStudioVersion = 10.0.40219.1
Project("{FAE04EC0-301F-11D3-BF4B-00C04F79EFBC}") = "API", "API\API.csproj", "{AEBEC11C-316B-4B84-9BE5-F901CCDD2849}"
EndProject
Project("{FAE04EC0-301F-11D3-BF4B-00C04F79EFBC}") = "Core", "Core\Core.csproj", "{AED9E7CD-4D4E-449B-B695-069C4FA75989}"
EndProject
Project("{FAE04EC0-301F-11D3-BF4B-00C04F79EFBC}") = "Infrastructure", "Infrastructure\Infrastructure.csproj", "{4B73B464-7CFE-4B61-A571-D4BB9F5038C7}"
EndProject
Global
	GlobalSection(SolutionConfigurationPlatforms) = preSolution
		Debug|Any CPU = Debug|Any CPU
		Release|Any CPU = Release|Any CPU
	EndGlobalSection
	GlobalSection(SolutionProperties) = preSolution
		HideSolutionNode = FALSE
	EndGlobalSection
	GlobalSection(ProjectConfigurationPlatforms) = postSolution
		{AEBEC11C-316B-4B84-9BE5-F901CCDD2849}.Debug|Any CPU.ActiveCfg = Debug|Any CPU
		{AEBEC11C-316B-4B84-9BE5-F901CCDD2849}.Debug|Any CPU.Build.0 = Debug|Any CPU
		{AEBEC11C-316B-4B84-9BE5-F901CCDD2849}.Release|Any CPU.ActiveCfg = Release|Any CPU
		{AEBEC11C-316B-4B84-9BE5-F901CCDD2849}.Release|Any CPU.Build.0 = Release|Any CPU
		{AED9E7CD-4D4E-449B-B695-069C4FA75989}.Debug|Any CPU.ActiveCfg = Debug|Any CPU
		{AED9E7CD-4D4E-449B-B695-069C4FA75989}.Debug|Any CPU.Build.0 = Debug|Any CPU
		{AED9E7CD-4D4E-449B-B695-069C4FA75989}.Release|Any CPU.ActiveCfg = Release|Any CPU
		{AED9E7CD-4D4E-449B-B695-069C4FA75989}.Release|Any CPU.Build.0 = Release|Any CPU
		{4B73B464-7CFE-4B61-A571-D4BB9F5038C7}.Debug|Any CPU.ActiveCfg = Debug|Any CPU
		{4B73B464-7CFE-4B61-A571-D4BB9F5038C7}.Debug|Any CPU.Build.0 = Debug|Any CPU
		{4B73B464-7CFE-4B61-A571-D4BB9F5038C7}.Release|Any CPU.ActiveCfg = Release|Any CPU
		{4B73B464-7CFE-4B61-A571-D4BB9F5038C7}.Release|Any CPU.Build.0 = Release|Any CPU
	EndGlobalSection
EndGlobal
